
Microsoft Visual Studio Solution File, Format Version 12.00
# Visual Studio 15
VisualStudioVersion = 15.0.28010.2026
MinimumVisualStudioVersion = 10.0.40219.1
Project("{888888A0-9F3D-457C-B088-3A5042F75D52}") = "Python test project", "Python test project\Python test project.pyproj", "{753B063F-7816-49FB-ABCF-BA6D761E22E0}"
EndProject
Global
	GlobalSection(SolutionConfigurationPlatforms) = preSolution
		Debug|Any CPU = Debug|Any CPU
		Release|Any CPU = Release|Any CPU
	EndGlobalSection
	GlobalSection(ProjectConfigurationPlatforms) = postSolution
		{753B063F-7816-49FB-ABCF-BA6D761E22E0}.Debug|Any CPU.ActiveCfg = Debug|Any CPU
		{753B063F-7816-49FB-ABCF-BA6D761E22E0}.Release|Any CPU.ActiveCfg = Release|Any CPU
	EndGlobalSection
	GlobalSection(SolutionProperties) = preSolution
		HideSolutionNode = FALSE
	EndGlobalSection
	GlobalSection(ExtensibilityGlobals) = postSolution
		SolutionGuid = {A39B566A-AC89-4104-922E-9A5B6DE82643}
	EndGlobalSection
EndGlobal
