
Microsoft Visual Studio Solution File, Format Version 12.00
# Visual Studio 15
VisualStudioVersion = 15.0.28010.2026
MinimumVisualStudioVersion = 10.0.40219.1
Project("{888888A0-9F3D-457C-B088-3A5042F75D52}") = "Python test script", "Python test script\Python test script.pyproj", "{54BF68EE-98F6-4C7E-A945-BFB460A0BD8F}"
EndProject
Global
	GlobalSection(SolutionConfigurationPlatforms) = preSolution
		Debug|Any CPU = Debug|Any CPU
		Release|Any CPU = Release|Any CPU
	EndGlobalSection
	GlobalSection(ProjectConfigurationPlatforms) = postSolution
		{54BF68EE-98F6-4C7E-A945-BFB460A0BD8F}.Debug|Any CPU.ActiveCfg = Debug|Any CPU
		{54BF68EE-98F6-4C7E-A945-BFB460A0BD8F}.Release|Any CPU.ActiveCfg = Release|Any CPU
	EndGlobalSection
	GlobalSection(SolutionProperties) = preSolution
		HideSolutionNode = FALSE
	EndGlobalSection
	GlobalSection(ExtensibilityGlobals) = postSolution
		SolutionGuid = {F5BB5DFD-B3FE-4EE1-B8A1-96F88F1B1696}
	EndGlobalSection
EndGlobal
